{
  "name": "star-run",
  "version": "0.0.1-alpha.1",
  "lockfileVersion": 3,
  "requires": true,
  "packages": {
    "": {
      "name": "star-run",
      "version": "0.0.1-alpha.1",
      "license": "MIT",
      "bin": {
        "star-run": "index.js"
      },
      "engines": {
        "node": ">=21.0.0",
        "npm": ">=7.0.0"
      }
    }
  }
}
